
Microsoft Visual Studio Solution File, Format Version 12.00
# Visual Studio Version 17
VisualStudioVersion = 17.11.35327.3
MinimumVisualStudioVersion = 10.0.40219.1
Project("{FAE04EC0-301F-11D3-BF4B-00C04F79EFBC}") = "homeWork", "homeWork.csproj", "{977AF5C1-ABC4-491C-AFFE-842CC1834455}"
EndProject
Global
	GlobalSection(SolutionConfigurationPlatforms) = preSolution
		Debug|Any CPU = Debug|Any CPU
		Release|Any CPU = Release|Any CPU
	EndGlobalSection
	GlobalSection(ProjectConfigurationPlatforms) = postSolution
		{977AF5C1-ABC4-491C-AFFE-842CC1834455}.Debug|Any CPU.ActiveCfg = Debug|Any CPU
		{977AF5C1-ABC4-491C-AFFE-842CC1834455}.Debug|Any CPU.Build.0 = Debug|Any CPU
		{977AF5C1-ABC4-491C-AFFE-842CC1834455}.Release|Any CPU.ActiveCfg = Release|Any CPU
		{977AF5C1-ABC4-491C-AFFE-842CC1834455}.Release|Any CPU.Build.0 = Release|Any CPU
	EndGlobalSection
	GlobalSection(SolutionProperties) = preSolution
		HideSolutionNode = FALSE
	EndGlobalSection
	GlobalSection(ExtensibilityGlobals) = postSolution
		SolutionGuid = {0FA4F8C4-F7ED-46DA-B5C7-1B2E88C9995C}
	EndGlobalSection
EndGlobal
